{
  "lockfileVersion": 1,
  "workspaces": {
    "": {
      "name": "ai-todo",
      "dependencies": {
        "@prisma/client": "^6.2.1",
        "prisma": "^6.2.1",
      },
      "devDependencies": {
        "@types/bun": "latest",
      },
      "peerDependencies": {
        "typescript": "^5.0.0",
      },
    },
  },
  "packages": {
    "@prisma/client": ["@prisma/client@6.2.1", "", { "peerDependencies": { "prisma": "*" }, "optionalPeers": ["prisma"] }, "sha512-msKY2iRLISN8t5X0Tj7hU0UWet1u0KuxSPHWuf3IRkB4J95mCvGpyQBfQ6ufcmvKNOMQSq90O2iUmJEN2e5fiA=="],

    "@prisma/debug": ["@prisma/debug@6.2.1", "", {}, "sha512-0KItvt39CmQxWkEw6oW+RQMD6RZ43SJWgEUnzxN8VC9ixMysa7MzZCZf22LCK5DSooiLNf8vM3LHZm/I/Ni7bQ=="],

    "@prisma/engines": ["@prisma/engines@6.2.1", "", { "dependencies": { "@prisma/debug": "6.2.1", "@prisma/engines-version": "6.2.0-14.4123509d24aa4dede1e864b46351bf2790323b69", "@prisma/fetch-engine": "6.2.1", "@prisma/get-platform": "6.2.1" } }, "sha512-lTBNLJBCxVT9iP5I7Mn6GlwqAxTpS5qMERrhebkUhtXpGVkBNd/jHnNJBZQW4kGDCKaQg/r2vlJYkzOHnAb7ZQ=="],

    "@prisma/engines-version": ["@prisma/engines-version@6.2.0-14.4123509d24aa4dede1e864b46351bf2790323b69", "", {}, "sha512-7tw1qs/9GWSX6qbZs4He09TOTg1ff3gYsB3ubaVNN0Pp1zLm9NC5C5MZShtkz7TyQjx7blhpknB7HwEhlG+PrQ=="],

    "@prisma/fetch-engine": ["@prisma/fetch-engine@6.2.1", "", { "dependencies": { "@prisma/debug": "6.2.1", "@prisma/engines-version": "6.2.0-14.4123509d24aa4dede1e864b46351bf2790323b69", "@prisma/get-platform": "6.2.1" } }, "sha512-OO7O9d6Mrx2F9i+Gu1LW+DGXXyUFkP7OE5aj9iBfA/2jjDXEJjqa9X0ZmM9NZNo8Uo7ql6zKm6yjDcbAcRrw1A=="],

    "@prisma/get-platform": ["@prisma/get-platform@6.2.1", "", { "dependencies": { "@prisma/debug": "6.2.1" } }, "sha512-zp53yvroPl5m5/gXYLz7tGCNG33bhG+JYCm74ohxOq1pPnrL47VQYFfF3RbTZ7TzGWCrR3EtoiYMywUBw7UK6Q=="],

    "@types/bun": ["@types/bun@1.2.0", "", { "dependencies": { "bun-types": "1.2.0" } }, "sha512-5N1JqdahfpBlAv4wy6svEYcd/YfO2GNrbL95JOmFx8nkE6dbK4R0oSE5SpBA4vBRqgrOUAXF8Dpiz+gi7r80SA=="],

    "@types/node": ["@types/node@22.10.10", "", { "dependencies": { "undici-types": "~6.20.0" } }, "sha512-X47y/mPNzxviAGY5TcYPtYL8JsY3kAq2n8fMmKoRCxq/c4v4pyGNCzM2R6+M5/umG4ZfHuT+sgqDYqWc9rJ6ww=="],

    "@types/ws": ["@types/ws@8.5.14", "", { "dependencies": { "@types/node": "*" } }, "sha512-bd/YFLW+URhBzMXurx7lWByOu+xzU9+kb3RboOteXYDfW+tr+JZa99OyNmPINEGB/ahzKrEuc8rcv4gnpJmxTw=="],

    "bun-types": ["bun-types@1.2.0", "", { "dependencies": { "@types/node": "*", "@types/ws": "~8.5.10" } }, "sha512-KEaJxyZfbV/c4eyG0vyehDpYmBGreNiQbZIqvVHJwZ4BmeuWlNZ7EAzMN2Zcd7ailmS/tGVW0BgYbGf+lGEpWw=="],

    "fsevents": ["fsevents@2.3.3", "", { "os": "darwin" }, "sha512-5xoDfX+fL7faATnagmWPpbFtwh/R77WmMMqqHGS65C3vvB0YHrgF+B1YmZ3441tMj5n63k0212XNoJwzlhffQw=="],

    "prisma": ["prisma@6.2.1", "", { "dependencies": { "@prisma/engines": "6.2.1" }, "optionalDependencies": { "fsevents": "2.3.3" }, "bin": { "prisma": "build/index.js" } }, "sha512-hhyM0H13pQleQ+br4CkzGizS5I0oInoeTw3JfLw1BRZduBSQxPILlJLwi+46wZzj9Je7ndyQEMGw/n5cN2fknA=="],

    "typescript": ["typescript@5.7.3", "", { "bin": { "tsc": "bin/tsc", "tsserver": "bin/tsserver" } }, "sha512-84MVSjMEHP+FQRPy3pX9sTVV/INIex71s9TL2Gm5FG/WG1SqXeKyZ0k7/blY/4FdOzI12CBy1vGc4og/eus0fw=="],

    "undici-types": ["undici-types@6.20.0", "", {}, "sha512-Ny6QZ2Nju20vw1SRHe3d9jVu6gJ+4e3+MMpqu7pqE5HT6WsTSlce++GQmK5UXS8mzV8DSYHrQH+Xrf2jVcuKNg=="],
  }
}
